
Microsoft Visual Studio Solution File, Format Version 12.00
# Visual Studio Version 17
VisualStudioVersion = 17.10.35013.160
MinimumVisualStudioVersion = 10.0.40219.1
Project("{FAE04EC0-301F-11D3-BF4B-00C04F79EFBC}") = "InventoryManagement.API", "InventoryManagement.API\InventoryManagement.API.csproj", "{0EECB2E7-061E-4D1D-9C8B-5E2D69352AB2}"
EndProject
Project("{FAE04EC0-301F-11D3-BF4B-00C04F79EFBC}") = "InventoryManagement.BLL", "InventoryManagement.BLL\InventoryManagement.BLL.csproj", "{70574BF7-FEF1-4F8D-B55E-4980F10E5567}"
EndProject
Project("{FAE04EC0-301F-11D3-BF4B-00C04F79EFBC}") = "InventoryManagement.DAL", "InventoryManagement.DAL\InventoryManagement.DAL.csproj", "{F71FEF2B-1FAD-4FB5-8039-0A134655B727}"
EndProject
Global
	GlobalSection(SolutionConfigurationPlatforms) = preSolution
		Debug|Any CPU = Debug|Any CPU
		Release|Any CPU = Release|Any CPU
	EndGlobalSection
	GlobalSection(ProjectConfigurationPlatforms) = postSolution
		{0EECB2E7-061E-4D1D-9C8B-5E2D69352AB2}.Debug|Any CPU.ActiveCfg = Debug|Any CPU
		{0EECB2E7-061E-4D1D-9C8B-5E2D69352AB2}.Debug|Any CPU.Build.0 = Debug|Any CPU
		{0EECB2E7-061E-4D1D-9C8B-5E2D69352AB2}.Release|Any CPU.ActiveCfg = Release|Any CPU
		{0EECB2E7-061E-4D1D-9C8B-5E2D69352AB2}.Release|Any CPU.Build.0 = Release|Any CPU
		{70574BF7-FEF1-4F8D-B55E-4980F10E5567}.Debug|Any CPU.ActiveCfg = Debug|Any CPU
		{70574BF7-FEF1-4F8D-B55E-4980F10E5567}.Debug|Any CPU.Build.0 = Debug|Any CPU
		{70574BF7-FEF1-4F8D-B55E-4980F10E5567}.Release|Any CPU.ActiveCfg = Release|Any CPU
		{70574BF7-FEF1-4F8D-B55E-4980F10E5567}.Release|Any CPU.Build.0 = Release|Any CPU
		{F71FEF2B-1FAD-4FB5-8039-0A134655B727}.Debug|Any CPU.ActiveCfg = Debug|Any CPU
		{F71FEF2B-1FAD-4FB5-8039-0A134655B727}.Debug|Any CPU.Build.0 = Debug|Any CPU
		{F71FEF2B-1FAD-4FB5-8039-0A134655B727}.Release|Any CPU.ActiveCfg = Release|Any CPU
		{F71FEF2B-1FAD-4FB5-8039-0A134655B727}.Release|Any CPU.Build.0 = Release|Any CPU
	EndGlobalSection
	GlobalSection(SolutionProperties) = preSolution
		HideSolutionNode = FALSE
	EndGlobalSection
	GlobalSection(ExtensibilityGlobals) = postSolution
		SolutionGuid = {5CBA473B-8B8F-4AD5-915D-4579FAD8BAAF}
	EndGlobalSection
EndGlobal
